
Microsoft Visual Studio Solution File, Format Version 12.00
# Visual Studio 2013
VisualStudioVersion = 12.0.21005.1
MinimumVisualStudioVersion = 10.0.40219.1
Project("{FAE04EC0-301F-11D3-BF4B-00C04F79EFBC}") = "Cooperatiove", "Cooperatiove\Cooperatiove.csproj", "{B58D1A62-1AF9-4481-8FC0-B7A507A2A8A1}"
EndProject
Project("{FAE04EC0-301F-11D3-BF4B-00C04F79EFBC}") = "Cooperative.Layer", "Cooperative.Layer\Cooperative.Layer.csproj", "{6AC9CBF1-D57D-463C-AAC2-45DE8BC518C6}"
EndProject
Project("{FAE04EC0-301F-11D3-BF4B-00C04F79EFBC}") = "CooperaviteData.Layer", "CooperaviteData.Layer\CooperaviteData.Layer.csproj", "{36B0A6C1-B92F-4F5D-B120-6ED6585C45F3}"
EndProject
Global
	GlobalSection(TeamFoundationVersionControl) = preSolution
		SccNumberOfProjects = 4
		SccEnterpriseProvider = {4CA58AB2-18FA-4F8D-95D4-32DDF27D184C}
		SccTeamFoundationServer = https://lalitjyoti.visualstudio.com/defaultcollection
		SccLocalPath0 = .
		SccProjectUniqueName1 = Cooperatiove\\Cooperatiove.csproj
		SccProjectName1 = Cooperatiove
		SccLocalPath1 = Cooperatiove
		SccProjectUniqueName2 = Cooperative.Layer\\Cooperative.Layer.csproj
		SccProjectName2 = Cooperative.Layer
		SccLocalPath2 = Cooperative.Layer
		SccProjectUniqueName3 = CooperaviteData.Layer\\CooperaviteData.Layer.csproj
		SccProjectName3 = CooperaviteData.Layer
		SccLocalPath3 = CooperaviteData.Layer
	EndGlobalSection
	GlobalSection(SolutionConfigurationPlatforms) = preSolution
		Debug|Any CPU = Debug|Any CPU
		Release|Any CPU = Release|Any CPU
	EndGlobalSection
	GlobalSection(ProjectConfigurationPlatforms) = postSolution
		{B58D1A62-1AF9-4481-8FC0-B7A507A2A8A1}.Debug|Any CPU.ActiveCfg = Debug|Any CPU
		{B58D1A62-1AF9-4481-8FC0-B7A507A2A8A1}.Debug|Any CPU.Build.0 = Debug|Any CPU
		{B58D1A62-1AF9-4481-8FC0-B7A507A2A8A1}.Release|Any CPU.ActiveCfg = Release|Any CPU
		{B58D1A62-1AF9-4481-8FC0-B7A507A2A8A1}.Release|Any CPU.Build.0 = Release|Any CPU
		{6AC9CBF1-D57D-463C-AAC2-45DE8BC518C6}.Debug|Any CPU.ActiveCfg = Debug|Any CPU
		{6AC9CBF1-D57D-463C-AAC2-45DE8BC518C6}.Debug|Any CPU.Build.0 = Debug|Any CPU
		{6AC9CBF1-D57D-463C-AAC2-45DE8BC518C6}.Release|Any CPU.ActiveCfg = Release|Any CPU
		{6AC9CBF1-D57D-463C-AAC2-45DE8BC518C6}.Release|Any CPU.Build.0 = Release|Any CPU
		{36B0A6C1-B92F-4F5D-B120-6ED6585C45F3}.Debug|Any CPU.ActiveCfg = Debug|Any CPU
		{36B0A6C1-B92F-4F5D-B120-6ED6585C45F3}.Debug|Any CPU.Build.0 = Debug|Any CPU
		{36B0A6C1-B92F-4F5D-B120-6ED6585C45F3}.Release|Any CPU.ActiveCfg = Release|Any CPU
		{36B0A6C1-B92F-4F5D-B120-6ED6585C45F3}.Release|Any CPU.Build.0 = Release|Any CPU
	EndGlobalSection
	GlobalSection(SolutionProperties) = preSolution
		HideSolutionNode = FALSE
	EndGlobalSection
EndGlobal
